
Microsoft Visual Studio Solution File, Format Version 12.00
# Visual Studio Version 17
VisualStudioVersion = 17.9.34701.34
MinimumVisualStudioVersion = 10.0.40219.1
Project("{FAE04EC0-301F-11D3-BF4B-00C04F79EFBC}") = "UAP_PSD", "UAP_PSD\UAP_PSD.csproj", "{2BA5954A-9F75-4DB4-96A1-841780551A9B}"
EndProject
Global
	GlobalSection(SolutionConfigurationPlatforms) = preSolution
		Debug|Any CPU = Debug|Any CPU
		Release|Any CPU = Release|Any CPU
	EndGlobalSection
	GlobalSection(ProjectConfigurationPlatforms) = postSolution
		{2BA5954A-9F75-4DB4-96A1-841780551A9B}.Debug|Any CPU.ActiveCfg = Debug|Any CPU
		{2BA5954A-9F75-4DB4-96A1-841780551A9B}.Debug|Any CPU.Build.0 = Debug|Any CPU
		{2BA5954A-9F75-4DB4-96A1-841780551A9B}.Release|Any CPU.ActiveCfg = Release|Any CPU
		{2BA5954A-9F75-4DB4-96A1-841780551A9B}.Release|Any CPU.Build.0 = Release|Any CPU
	EndGlobalSection
	GlobalSection(SolutionProperties) = preSolution
		HideSolutionNode = FALSE
	EndGlobalSection
	GlobalSection(ExtensibilityGlobals) = postSolution
		SolutionGuid = {2415DEE7-B888-4DD8-82CE-B95980EF8D21}
	EndGlobalSection
EndGlobal
